{"1.2.0",
[{<<"aebytecode">>,
  {git,"https://github.com/aeternity/aebytecode.git",
       {ref,"69a1c41a4fc31c6449bf077532c22de23f2bbe83"}},
  0},
 {<<"aeserialization">>,
  {git,"https://github.com/aeternity/aeserialization.git",
       {ref,"eb68fe331bd476910394966b7f5ede7a74d37e35"}},
  1},
 {<<"base58">>,
  {git,"https://github.com/aeternity/erl-base58.git",
       {ref,"60a335668a60328a29f9731b67c4a0e9e3d50ab6"}},
  2},
 {<<"eblake2">>,{pkg,<<"eblake2">>,<<"1.0.0">>},0},
 {<<"enacl">>,
  {git,"https://github.com/aeternity/enacl.git",
       {ref,"793ddb502f7fe081302e1c42227dca70b09f8e17"}},
  2},
 {<<"getopt">>,{pkg,<<"getopt">>,<<"1.0.1">>},0},
 {<<"jsx">>,
  {git,"https://github.com/talentdeficit/jsx.git",
       {ref,"3074d4865b3385a050badf7828ad31490d860df5"}},
  0}]}.
[
{pkg_hash,[
 {<<"eblake2">>, <<"EC8AD20E438AAB3F2E8D5D118C366A0754219195F8A0F536587440F8F9BCF2EF">>},
 {<<"getopt">>, <<"C73A9FA687B217F2FF79F68A3B637711BB1936E712B521D8CE466B29CBF7808A">>}]},
{pkg_hash_ext,[
 {<<"eblake2">>, <<"3C4D300A91845B25D501929A26AC2E6F7157480846FAB2347A4C11AE52E08A99">>},
 {<<"getopt">>, <<"53E1AB83B9CEB65C9672D3E7A35B8092E9BDC9B3EE80721471A161C10C59959C">>}]}
].
